
Microsoft Visual Studio Solution File, Format Version 12.00
# Visual Studio Version 17
VisualStudioVersion = 17.0.31903.59
MinimumVisualStudioVersion = 10.0.40219.1
Project("{9A19103F-16F7-4668-BE54-9A1E7A4F7556}") = "Api", "src\Api\Api.csproj", "{62BD96FC-C0D8-408B-963B-B84ED801B67A}"
EndProject
Project("{9A19103F-16F7-4668-BE54-9A1E7A4F7556}") = "UnitTests", "test\UnitTests\UnitTests.csproj", "{EB3D2CCA-ECE1-4B39-A08E-C7CB11AF9633}"
EndProject
Project("{9A19103F-16F7-4668-BE54-9A1E7A4F7556}") = "Core", "src\Core\Core.csproj", "{FB1BAEE1-E4E0-4CF8-940A-844CD7FDF013}"
EndProject
Project("{9A19103F-16F7-4668-BE54-9A1E7A4F7556}") = "Infrastructure", "src\Infrastructure\Infrastructure.csproj", "{B5627AF8-121E-4912-A8A9-A9D8C3D7DEBB}"
EndProject
Project("{9A19103F-16F7-4668-BE54-9A1E7A4F7556}") = "Desktop", "src\Desktop\Desktop.csproj", "{6CD869A9-7AAD-4B9F-A8E1-B685D524E88E}"
EndProject
Project("{FAE04EC0-301F-11D3-BF4B-00C04F79EFBC}") = "Web", "src\Web\Web.csproj", "{9575E229-D7A1-4A67-9000-014B24D09C0E}"
EndProject
Global
	GlobalSection(SolutionConfigurationPlatforms) = preSolution
		Debug|Any CPU = Debug|Any CPU
		Release|Any CPU = Release|Any CPU
	EndGlobalSection
	GlobalSection(ProjectConfigurationPlatforms) = postSolution
		{62BD96FC-C0D8-408B-963B-B84ED801B67A}.Debug|Any CPU.ActiveCfg = Debug|Any CPU
		{62BD96FC-C0D8-408B-963B-B84ED801B67A}.Debug|Any CPU.Build.0 = Debug|Any CPU
		{62BD96FC-C0D8-408B-963B-B84ED801B67A}.Release|Any CPU.ActiveCfg = Release|Any CPU
		{62BD96FC-C0D8-408B-963B-B84ED801B67A}.Release|Any CPU.Build.0 = Release|Any CPU
		{EB3D2CCA-ECE1-4B39-A08E-C7CB11AF9633}.Debug|Any CPU.ActiveCfg = Debug|Any CPU
		{EB3D2CCA-ECE1-4B39-A08E-C7CB11AF9633}.Debug|Any CPU.Build.0 = Debug|Any CPU
		{EB3D2CCA-ECE1-4B39-A08E-C7CB11AF9633}.Release|Any CPU.ActiveCfg = Release|Any CPU
		{EB3D2CCA-ECE1-4B39-A08E-C7CB11AF9633}.Release|Any CPU.Build.0 = Release|Any CPU
		{FB1BAEE1-E4E0-4CF8-940A-844CD7FDF013}.Debug|Any CPU.ActiveCfg = Debug|Any CPU
		{FB1BAEE1-E4E0-4CF8-940A-844CD7FDF013}.Debug|Any CPU.Build.0 = Debug|Any CPU
		{FB1BAEE1-E4E0-4CF8-940A-844CD7FDF013}.Release|Any CPU.ActiveCfg = Release|Any CPU
		{FB1BAEE1-E4E0-4CF8-940A-844CD7FDF013}.Release|Any CPU.Build.0 = Release|Any CPU
		{B5627AF8-121E-4912-A8A9-A9D8C3D7DEBB}.Debug|Any CPU.ActiveCfg = Debug|Any CPU
		{B5627AF8-121E-4912-A8A9-A9D8C3D7DEBB}.Debug|Any CPU.Build.0 = Debug|Any CPU
		{B5627AF8-121E-4912-A8A9-A9D8C3D7DEBB}.Release|Any CPU.ActiveCfg = Release|Any CPU
		{B5627AF8-121E-4912-A8A9-A9D8C3D7DEBB}.Release|Any CPU.Build.0 = Release|Any CPU
		{6CD869A9-7AAD-4B9F-A8E1-B685D524E88E}.Debug|Any CPU.ActiveCfg = Debug|Any CPU
		{6CD869A9-7AAD-4B9F-A8E1-B685D524E88E}.Debug|Any CPU.Build.0 = Debug|Any CPU
		{6CD869A9-7AAD-4B9F-A8E1-B685D524E88E}.Release|Any CPU.ActiveCfg = Release|Any CPU
		{6CD869A9-7AAD-4B9F-A8E1-B685D524E88E}.Release|Any CPU.Build.0 = Release|Any CPU
		{9575E229-D7A1-4A67-9000-014B24D09C0E}.Debug|Any CPU.ActiveCfg = Debug|Any CPU
		{9575E229-D7A1-4A67-9000-014B24D09C0E}.Debug|Any CPU.Build.0 = Debug|Any CPU
		{9575E229-D7A1-4A67-9000-014B24D09C0E}.Release|Any CPU.ActiveCfg = Release|Any CPU
		{9575E229-D7A1-4A67-9000-014B24D09C0E}.Release|Any CPU.Build.0 = Release|Any CPU
	EndGlobalSection
	GlobalSection(SolutionProperties) = preSolution
		HideSolutionNode = FALSE
	EndGlobalSection
	GlobalSection(ExtensibilityGlobals) = postSolution
		SolutionGuid = {F8AB2ADF-A0DA-4EBE-BB3A-116ED99777FF}
	EndGlobalSection
EndGlobal
